
Microsoft Visual Studio Solution File, Format Version 12.00
# Visual Studio 2013
VisualStudioVersion = 12.0.40629.0
MinimumVisualStudioVersion = 10.0.40219.1
Project("{FAE04EC0-301F-11D3-BF4B-00C04F79EFBC}") = "CA.Domain", "CA.Domain\CA.Domain.csproj", "{5C080DA1-4CA4-4F18-BA31-3163BE3B1F03}"
EndProject
Project("{FAE04EC0-301F-11D3-BF4B-00C04F79EFBC}") = "CA.WebUI", "CA.WebUI\CA.WebUI.csproj", "{74B5E33A-D2AE-4644-B29C-9273E73D2E09}"
EndProject
Project("{00D1A9C2-B5F0-4AF3-8072-F6C62B433612}") = "CA.Database", "CA.Database\CA.Database.sqlproj", "{2C626156-4117-4B89-8C68-598399F046DB}"
EndProject
Project("{2150E333-8FDC-42A3-9474-1A3956D46DE8}") = "UI", "UI", "{4C83C45F-7542-4097-AA26-232A265507DB}"
EndProject
Project("{2150E333-8FDC-42A3-9474-1A3956D46DE8}") = "Application", "Application", "{87043E45-807C-432E-834D-F12E5296882F}"
EndProject
Project("{2150E333-8FDC-42A3-9474-1A3956D46DE8}") = "DAL", "DAL", "{B2FB2B08-299A-49DC-8806-4D7B845C33EC}"
EndProject
Project("{FAE04EC0-301F-11D3-BF4B-00C04F79EFBC}") = "Repository", "Repository\Repository.csproj", "{27644BD5-D47A-4BEE-B63D-86427C867059}"
EndProject
Project("{FAE04EC0-301F-11D3-BF4B-00C04F79EFBC}") = "CA.Common", "CA.Common\CA.Common.csproj", "{2C785C00-BA03-4ECF-BEA1-2B2AE5474ECB}"
EndProject
Project("{2150E333-8FDC-42A3-9474-1A3956D46DE8}") = ".nuget", ".nuget", "{8EB946E9-CE24-4BF1-9C86-AD933C4BBDF7}"
	ProjectSection(SolutionItems) = preProject
		.nuget\packages.config = .nuget\packages.config
	EndProjectSection
EndProject
Project("{2150E333-8FDC-42A3-9474-1A3956D46DE8}") = "Resources", "Resources", "{85BC9E7B-5799-43A8-ACAC-AB96D508B69B}"
EndProject
Project("{FAE04EC0-301F-11D3-BF4B-00C04F79EFBC}") = "CA.Resources", "CA.Resources\CA.Resources.csproj", "{6F49000A-1E8B-4926-B098-57D30BCB384B}"
EndProject
Global
	GlobalSection(SolutionConfigurationPlatforms) = preSolution
		Debug|Any CPU = Debug|Any CPU
		Release|Any CPU = Release|Any CPU
	EndGlobalSection
	GlobalSection(ProjectConfigurationPlatforms) = postSolution
		{5C080DA1-4CA4-4F18-BA31-3163BE3B1F03}.Debug|Any CPU.ActiveCfg = Debug|Any CPU
		{5C080DA1-4CA4-4F18-BA31-3163BE3B1F03}.Debug|Any CPU.Build.0 = Debug|Any CPU
		{5C080DA1-4CA4-4F18-BA31-3163BE3B1F03}.Release|Any CPU.ActiveCfg = Release|Any CPU
		{5C080DA1-4CA4-4F18-BA31-3163BE3B1F03}.Release|Any CPU.Build.0 = Release|Any CPU
		{74B5E33A-D2AE-4644-B29C-9273E73D2E09}.Debug|Any CPU.ActiveCfg = Debug|Any CPU
		{74B5E33A-D2AE-4644-B29C-9273E73D2E09}.Debug|Any CPU.Build.0 = Debug|Any CPU
		{74B5E33A-D2AE-4644-B29C-9273E73D2E09}.Release|Any CPU.ActiveCfg = Release|Any CPU
		{74B5E33A-D2AE-4644-B29C-9273E73D2E09}.Release|Any CPU.Build.0 = Release|Any CPU
		{2C626156-4117-4B89-8C68-598399F046DB}.Debug|Any CPU.ActiveCfg = Debug|Any CPU
		{2C626156-4117-4B89-8C68-598399F046DB}.Debug|Any CPU.Build.0 = Debug|Any CPU
		{2C626156-4117-4B89-8C68-598399F046DB}.Debug|Any CPU.Deploy.0 = Debug|Any CPU
		{2C626156-4117-4B89-8C68-598399F046DB}.Release|Any CPU.ActiveCfg = Release|Any CPU
		{2C626156-4117-4B89-8C68-598399F046DB}.Release|Any CPU.Build.0 = Release|Any CPU
		{2C626156-4117-4B89-8C68-598399F046DB}.Release|Any CPU.Deploy.0 = Release|Any CPU
		{27644BD5-D47A-4BEE-B63D-86427C867059}.Debug|Any CPU.ActiveCfg = Debug|Any CPU
		{27644BD5-D47A-4BEE-B63D-86427C867059}.Debug|Any CPU.Build.0 = Debug|Any CPU
		{27644BD5-D47A-4BEE-B63D-86427C867059}.Release|Any CPU.ActiveCfg = Release|Any CPU
		{27644BD5-D47A-4BEE-B63D-86427C867059}.Release|Any CPU.Build.0 = Release|Any CPU
		{2C785C00-BA03-4ECF-BEA1-2B2AE5474ECB}.Debug|Any CPU.ActiveCfg = Debug|Any CPU
		{2C785C00-BA03-4ECF-BEA1-2B2AE5474ECB}.Debug|Any CPU.Build.0 = Debug|Any CPU
		{2C785C00-BA03-4ECF-BEA1-2B2AE5474ECB}.Release|Any CPU.ActiveCfg = Release|Any CPU
		{2C785C00-BA03-4ECF-BEA1-2B2AE5474ECB}.Release|Any CPU.Build.0 = Release|Any CPU
		{6F49000A-1E8B-4926-B098-57D30BCB384B}.Debug|Any CPU.ActiveCfg = Debug|Any CPU
		{6F49000A-1E8B-4926-B098-57D30BCB384B}.Debug|Any CPU.Build.0 = Debug|Any CPU
		{6F49000A-1E8B-4926-B098-57D30BCB384B}.Release|Any CPU.ActiveCfg = Release|Any CPU
		{6F49000A-1E8B-4926-B098-57D30BCB384B}.Release|Any CPU.Build.0 = Release|Any CPU
	EndGlobalSection
	GlobalSection(SolutionProperties) = preSolution
		HideSolutionNode = FALSE
	EndGlobalSection
	GlobalSection(NestedProjects) = preSolution
		{5C080DA1-4CA4-4F18-BA31-3163BE3B1F03} = {87043E45-807C-432E-834D-F12E5296882F}
		{74B5E33A-D2AE-4644-B29C-9273E73D2E09} = {4C83C45F-7542-4097-AA26-232A265507DB}
		{2C626156-4117-4B89-8C68-598399F046DB} = {87043E45-807C-432E-834D-F12E5296882F}
		{27644BD5-D47A-4BEE-B63D-86427C867059} = {B2FB2B08-299A-49DC-8806-4D7B845C33EC}
		{2C785C00-BA03-4ECF-BEA1-2B2AE5474ECB} = {87043E45-807C-432E-834D-F12E5296882F}
		{6F49000A-1E8B-4926-B098-57D30BCB384B} = {85BC9E7B-5799-43A8-ACAC-AB96D508B69B}
	EndGlobalSection
EndGlobal
